// !$*UTF8*$!
{
	archiveVersion = 1;
	classes = {
	};
	objectVersion = 56;
	objects = {

/* Begin PBXBuildFile section */
		2A1000010000000000000001 /* ScreenFixerApp.swift in Sources */ = {isa = PBXBuildFile; fileRef = 2A2000010000000000000001 /* ScreenFixerApp.swift */; };
		2A1000010000000000000002 /* Display.swift in Sources */ = {isa = PBXBuildFile; fileRef = 2A2000010000000000000002 /* Display.swift */; };
		2A1000010000000000000003 /* DisplayPosition.swift in Sources */ = {isa = PBXBuildFile; fileRef = 2A2000010000000000000003 /* DisplayPosition.swift */; };
		2A1000010000000000000004 /* DisplayProfile.swift in Sources */ = {isa = PBXBuildFile; fileRef = 2A2000010000000000000004 /* DisplayProfile.swift */; };
		2A1000010000000000000005 /* DisplayManager.swift in Sources */ = {isa = PBXBuildFile; fileRef = 2A2000010000000000000005 /* DisplayManager.swift */; };
		2A1000010000000000000006 /* DisplayIdentifier.swift in Sources */ = {isa = PBXBuildFile; fileRef = 2A2000010000000000000006 /* DisplayIdentifier.swift */; };
		2A1000010000000000000007 /* DisplayConfigurationService.swift in Sources */ = {isa = PBXBuildFile; fileRef = 2A2000010000000000000007 /* DisplayConfigurationService.swift */; };
		2A1000010000000000000008 /* ProfileStore.swift in Sources */ = {isa = PBXBuildFile; fileRef = 2A2000010000000000000008 /* ProfileStore.swift */; };
		2A1000010000000000000009 /* MenuBarViewModel.swift in Sources */ = {isa = PBXBuildFile; fileRef = 2A2000010000000000000009 /* MenuBarViewModel.swift */; };
		2A100001000000000000000A /* MenuBarView.swift in Sources */ = {isa = PBXBuildFile; fileRef = 2A200001000000000000000A /* MenuBarView.swift */; };
		2A100001000000000000000B /* SaveProfileSheet.swift in Sources */ = {isa = PBXBuildFile; fileRef = 2A200001000000000000000B /* SaveProfileSheet.swift */; };
		2A100001000000000000000C /* DisplayChangeObserver.swift in Sources */ = {isa = PBXBuildFile; fileRef = 2A200001000000000000000C /* DisplayChangeObserver.swift */; };
		2A3000010000000000000001 /* IOKit.framework in Frameworks */ = {isa = PBXBuildFile; fileRef = 2A4000010000000000000001 /* IOKit.framework */; };
/* End PBXBuildFile section */

/* Begin PBXFileReference section */
		2A0000010000000000000001 /* ScreenFixer.app */ = {isa = PBXFileReference; explicitFileType = wrapper.application; includeInIndex = 0; path = ScreenFixer.app; sourceTree = BUILT_PRODUCTS_DIR; };
		2A2000010000000000000001 /* ScreenFixerApp.swift */ = {isa = PBXFileReference; lastKnownFileType = sourcecode.swift; path = ScreenFixerApp.swift; sourceTree = "<group>"; };
		2A2000010000000000000002 /* Display.swift */ = {isa = PBXFileReference; lastKnownFileType = sourcecode.swift; path = Display.swift; sourceTree = "<group>"; };
		2A2000010000000000000003 /* DisplayPosition.swift */ = {isa = PBXFileReference; lastKnownFileType = sourcecode.swift; path = DisplayPosition.swift; sourceTree = "<group>"; };
		2A2000010000000000000004 /* DisplayProfile.swift */ = {isa = PBXFileReference; lastKnownFileType = sourcecode.swift; path = DisplayProfile.swift; sourceTree = "<group>"; };
		2A2000010000000000000005 /* DisplayManager.swift */ = {isa = PBXFileReference; lastKnownFileType = sourcecode.swift; path = DisplayManager.swift; sourceTree = "<group>"; };
		2A2000010000000000000006 /* DisplayIdentifier.swift */ = {isa = PBXFileReference; lastKnownFileType = sourcecode.swift; path = DisplayIdentifier.swift; sourceTree = "<group>"; };
		2A2000010000000000000007 /* DisplayConfigurationService.swift */ = {isa = PBXFileReference; lastKnownFileType = sourcecode.swift; path = DisplayConfigurationService.swift; sourceTree = "<group>"; };
		2A2000010000000000000008 /* ProfileStore.swift */ = {isa = PBXFileReference; lastKnownFileType = sourcecode.swift; path = ProfileStore.swift; sourceTree = "<group>"; };
		2A2000010000000000000009 /* MenuBarViewModel.swift */ = {isa = PBXFileReference; lastKnownFileType = sourcecode.swift; path = MenuBarViewModel.swift; sourceTree = "<group>"; };
		2A200001000000000000000A /* MenuBarView.swift */ = {isa = PBXFileReference; lastKnownFileType = sourcecode.swift; path = MenuBarView.swift; sourceTree = "<group>"; };
		2A200001000000000000000B /* SaveProfileSheet.swift */ = {isa = PBXFileReference; lastKnownFileType = sourcecode.swift; path = SaveProfileSheet.swift; sourceTree = "<group>"; };
		2A200001000000000000000C /* DisplayChangeObserver.swift */ = {isa = PBXFileReference; lastKnownFileType = sourcecode.swift; path = DisplayChangeObserver.swift; sourceTree = "<group>"; };
		2A200001000000000000000D /* Info.plist */ = {isa = PBXFileReference; lastKnownFileType = text.plist.xml; path = Info.plist; sourceTree = "<group>"; };
		2A4000010000000000000001 /* IOKit.framework */ = {isa = PBXFileReference; lastKnownFileType = wrapper.framework; name = IOKit.framework; path = System/Library/Frameworks/IOKit.framework; sourceTree = SDKROOT; };
/* End PBXFileReference section */

/* Begin PBXFrameworksBuildPhase section */
		2A5000010000000000000001 /* Frameworks */ = {
			isa = PBXFrameworksBuildPhase;
			buildActionMask = 2147483647;
			files = (
				2A3000010000000000000001 /* IOKit.framework in Frameworks */,
			);
			runOnlyForDeploymentPostprocessing = 0;
		};
/* End PBXFrameworksBuildPhase section */

/* Begin PBXGroup section */
		2A6000010000000000000001 = {
			isa = PBXGroup;
			children = (
				2A6000010000000000000002 /* ScreenFixer */,
				2A6000010000000000000003 /* Products */,
				2A6000010000000000000004 /* Frameworks */,
			);
			sourceTree = "<group>";
		};
		2A6000010000000000000002 /* ScreenFixer */ = {
			isa = PBXGroup;
			children = (
				2A6000010000000000000005 /* App */,
				2A6000010000000000000006 /* Models */,
				2A6000010000000000000007 /* Services */,
				2A6000010000000000000008 /* ViewModels */,
				2A6000010000000000000009 /* Views */,
				2A600001000000000000000A /* Utilities */,
				2A200001000000000000000D /* Info.plist */,
			);
			path = ScreenFixer;
			sourceTree = "<group>";
		};
		2A6000010000000000000003 /* Products */ = {
			isa = PBXGroup;
			children = (
				2A0000010000000000000001 /* ScreenFixer.app */,
			);
			name = Products;
			sourceTree = "<group>";
		};
		2A6000010000000000000004 /* Frameworks */ = {
			isa = PBXGroup;
			children = (
				2A4000010000000000000001 /* IOKit.framework */,
			);
			name = Frameworks;
			sourceTree = "<group>";
		};
		2A6000010000000000000005 /* App */ = {
			isa = PBXGroup;
			children = (
				2A2000010000000000000001 /* ScreenFixerApp.swift */,
			);
			path = App;
			sourceTree = "<group>";
		};
		2A6000010000000000000006 /* Models */ = {
			isa = PBXGroup;
			children = (
				2A2000010000000000000002 /* Display.swift */,
				2A2000010000000000000003 /* DisplayPosition.swift */,
				2A2000010000000000000004 /* DisplayProfile.swift */,
			);
			path = Models;
			sourceTree = "<group>";
		};
		2A6000010000000000000007 /* Services */ = {
			isa = PBXGroup;
			children = (
				2A2000010000000000000005 /* DisplayManager.swift */,
				2A2000010000000000000006 /* DisplayIdentifier.swift */,
				2A2000010000000000000007 /* DisplayConfigurationService.swift */,
				2A2000010000000000000008 /* ProfileStore.swift */,
			);
			path = Services;
			sourceTree = "<group>";
		};
		2A6000010000000000000008 /* ViewModels */ = {
			isa = PBXGroup;
			children = (
				2A2000010000000000000009 /* MenuBarViewModel.swift */,
			);
			path = ViewModels;
			sourceTree = "<group>";
		};
		2A6000010000000000000009 /* Views */ = {
			isa = PBXGroup;
			children = (
				2A200001000000000000000A /* MenuBarView.swift */,
				2A200001000000000000000B /* SaveProfileSheet.swift */,
			);
			path = Views;
			sourceTree = "<group>";
		};
		2A600001000000000000000A /* Utilities */ = {
			isa = PBXGroup;
			children = (
				2A200001000000000000000C /* DisplayChangeObserver.swift */,
			);
			path = Utilities;
			sourceTree = "<group>";
		};
/* End PBXGroup section */

/* Begin PBXNativeTarget section */
		2A7000010000000000000001 /* ScreenFixer */ = {
			isa = PBXNativeTarget;
			buildConfigurationList = 2A8000010000000000000001 /* Build configuration list for PBXNativeTarget "ScreenFixer" */;
			buildPhases = (
				2A9000010000000000000001 /* Sources */,
				2A5000010000000000000001 /* Frameworks */,
			);
			buildRules = (
			);
			dependencies = (
			);
			name = ScreenFixer;
			productName = ScreenFixer;
			productReference = 2A0000010000000000000001 /* ScreenFixer.app */;
			productType = "com.apple.product-type.application";
		};
/* End PBXNativeTarget section */

/* Begin PBXProject section */
		2AA000010000000000000001 /* Project object */ = {
			isa = PBXProject;
			attributes = {
				BuildIndependentTargetsInParallel = 1;
				LastSwiftUpdateCheck = 1500;
				LastUpgradeCheck = 1500;
				TargetAttributes = {
					2A7000010000000000000001 = {
						CreatedOnToolsVersion = 15.0;
					};
				};
			};
			buildConfigurationList = 2AB000010000000000000001 /* Build configuration list for PBXProject "ScreenFixer" */;
			compatibilityVersion = "Xcode 14.0";
			developmentRegion = en;
			hasScannedForEncodings = 0;
			knownRegions = (
				en,
				Base,
			);
			mainGroup = 2A6000010000000000000001;
			productRefGroup = 2A6000010000000000000003 /* Products */;
			projectDirPath = "";
			projectRoot = "";
			targets = (
				2A7000010000000000000001 /* ScreenFixer */,
			);
		};
/* End PBXProject section */

/* Begin PBXSourcesBuildPhase section */
		2A9000010000000000000001 /* Sources */ = {
			isa = PBXSourcesBuildPhase;
			buildActionMask = 2147483647;
			files = (
				2A1000010000000000000001 /* ScreenFixerApp.swift in Sources */,
				2A1000010000000000000002 /* Display.swift in Sources */,
				2A1000010000000000000003 /* DisplayPosition.swift in Sources */,
				2A1000010000000000000004 /* DisplayProfile.swift in Sources */,
				2A1000010000000000000005 /* DisplayManager.swift in Sources */,
				2A1000010000000000000006 /* DisplayIdentifier.swift in Sources */,
				2A1000010000000000000007 /* DisplayConfigurationService.swift in Sources */,
				2A1000010000000000000008 /* ProfileStore.swift in Sources */,
				2A1000010000000000000009 /* MenuBarViewModel.swift in Sources */,
				2A100001000000000000000A /* MenuBarView.swift in Sources */,
				2A100001000000000000000B /* SaveProfileSheet.swift in Sources */,
				2A100001000000000000000C /* DisplayChangeObserver.swift in Sources */,
			);
			runOnlyForDeploymentPostprocessing = 0;
		};
/* End PBXSourcesBuildPhase section */

/* Begin XCBuildConfiguration section */
		2AC000010000000000000001 /* Debug */ = {
			isa = XCBuildConfiguration;
			buildSettings = {
				ALWAYS_SEARCH_USER_PATHS = NO;
				ASSETCATALOG_COMPILER_GENERATE_SWIFT_ASSET_SYMBOL_EXTENSIONS = YES;
				CLANG_ANALYZER_NONNULL = YES;
				CLANG_ANALYZER_NUMBER_OBJECT_CONVERSION = YES_AGGRESSIVE;
				CLANG_CXX_LANGUAGE_STANDARD = "gnu++20";
				CLANG_ENABLE_MODULES = YES;
				CLANG_ENABLE_OBJC_ARC = YES;
				CLANG_ENABLE_OBJC_WEAK = YES;
				CLANG_WARN_BLOCK_CAPTURE_AUTORELEASING = YES;
				CLANG_WARN_BOOL_CONVERSION = YES;
				CLANG_WARN_COMMA = YES;
				CLANG_WARN_CONSTANT_CONVERSION = YES;
				CLANG_WARN_DEPRECATED_OBJC_IMPLEMENTATIONS = YES;
				CLANG_WARN_DIRECT_OBJC_ISA_USAGE = YES_ERROR;
				CLANG_WARN_DOCUMENTATION_COMMENTS = YES;
				CLANG_WARN_EMPTY_BODY = YES;
				CLANG_WARN_ENUM_CONVERSION = YES;
				CLANG_WARN_INFINITE_RECURSION = YES;
				CLANG_WARN_INT_CONVERSION = YES;
				CLANG_WARN_NON_LITERAL_NULL_CONVERSION = YES;
				CLANG_WARN_OBJC_IMPLICIT_RETAIN_SELF = YES;
				CLANG_WARN_OBJC_LITERAL_CONVERSION = YES;
				CLANG_WARN_OBJC_ROOT_CLASS = YES_ERROR;
				CLANG_WARN_QUOTED_INCLUDE_IN_FRAMEWORK_HEADER = YES;
				CLANG_WARN_RANGE_LOOP_ANALYSIS = YES;
				CLANG_WARN_STRICT_PROTOTYPES = YES;
				CLANG_WARN_SUSPICIOUS_MOVE = YES;
				CLANG_WARN_UNGUARDED_AVAILABILITY = YES_AGGRESSIVE;
				CLANG_WARN_UNREACHABLE_CODE = YES;
				CLANG_WARN__DUPLICATE_METHOD_MATCH = YES;
				COPY_PHASE_STRIP = NO;
				DEBUG_INFORMATION_FORMAT = dwarf;
				ENABLE_STRICT_OBJC_MSGSEND = YES;
				ENABLE_TESTABILITY = YES;
				ENABLE_USER_SCRIPT_SANDBOXING = YES;
				GCC_C_LANGUAGE_STANDARD = gnu17;
				GCC_DYNAMIC_NO_PIC = NO;
				GCC_NO_COMMON_BLOCKS = YES;
				GCC_OPTIMIZATION_LEVEL = 0;
				GCC_PREPROCESSOR_DEFINITIONS = (
					"DEBUG=1",
					"$(inherited)",
				);
				GCC_WARN_64_TO_32_BIT_CONVERSION = YES;
				GCC_WARN_ABOUT_RETURN_TYPE = YES_ERROR;
				GCC_WARN_UNDECLARED_SELECTOR = YES;
				GCC_WARN_UNINITIALIZED_AUTOS = YES_AGGRESSIVE;
				GCC_WARN_UNUSED_FUNCTION = YES;
				GCC_WARN_UNUSED_VARIABLE = YES;
				MACOSX_DEPLOYMENT_TARGET = 13.0;
				MTL_ENABLE_DEBUG_INFO = INCLUDE_SOURCE;
				MTL_FAST_MATH = YES;
				ONLY_ACTIVE_ARCH = YES;
				SDKROOT = macosx;
				SWIFT_ACTIVE_COMPILATION_CONDITIONS = "DEBUG $(inherited)";
				SWIFT_OPTIMIZATION_LEVEL = "-Onone";
			};
			name = Debug;
		};
		2AC000010000000000000002 /* Release */ = {
			isa = XCBuildConfiguration;
			buildSettings = {
				ALWAYS_SEARCH_USER_PATHS = NO;
				ASSETCATALOG_COMPILER_GENERATE_SWIFT_ASSET_SYMBOL_EXTENSIONS = YES;
				CLANG_ANALYZER_NONNULL = YES;
				CLANG_ANALYZER_NUMBER_OBJECT_CONVERSION = YES_AGGRESSIVE;
				CLANG_CXX_LANGUAGE_STANDARD = "gnu++20";
				CLANG_ENABLE_MODULES = YES;
				CLANG_ENABLE_OBJC_ARC = YES;
				CLANG_ENABLE_OBJC_WEAK = YES;
				CLANG_WARN_BLOCK_CAPTURE_AUTORELEASING = YES;
				CLANG_WARN_BOOL_CONVERSION = YES;
				CLANG_WARN_COMMA = YES;
				CLANG_WARN_CONSTANT_CONVERSION = YES;
				CLANG_WARN_DEPRECATED_OBJC_IMPLEMENTATIONS = YES;
				CLANG_WARN_DIRECT_OBJC_ISA_USAGE = YES_ERROR;
				CLANG_WARN_DOCUMENTATION_COMMENTS = YES;
				CLANG_WARN_EMPTY_BODY = YES;
				CLANG_WARN_ENUM_CONVERSION = YES;
				CLANG_WARN_INFINITE_RECURSION = YES;
				CLANG_WARN_INT_CONVERSION = YES;
				CLANG_WARN_NON_LITERAL_NULL_CONVERSION = YES;
				CLANG_WARN_OBJC_IMPLICIT_RETAIN_SELF = YES;
				CLANG_WARN_OBJC_LITERAL_CONVERSION = YES;
				CLANG_WARN_OBJC_ROOT_CLASS = YES_ERROR;
				CLANG_WARN_QUOTED_INCLUDE_IN_FRAMEWORK_HEADER = YES;
				CLANG_WARN_RANGE_LOOP_ANALYSIS = YES;
				CLANG_WARN_STRICT_PROTOTYPES = YES;
				CLANG_WARN_SUSPICIOUS_MOVE = YES;
				CLANG_WARN_UNGUARDED_AVAILABILITY = YES_AGGRESSIVE;
				CLANG_WARN_UNREACHABLE_CODE = YES;
				CLANG_WARN__DUPLICATE_METHOD_MATCH = YES;
				COPY_PHASE_STRIP = NO;
				DEBUG_INFORMATION_FORMAT = "dwarf-with-dsym";
				ENABLE_NS_ASSERTIONS = NO;
				ENABLE_STRICT_OBJC_MSGSEND = YES;
				ENABLE_USER_SCRIPT_SANDBOXING = YES;
				GCC_C_LANGUAGE_STANDARD = gnu17;
				GCC_NO_COMMON_BLOCKS = YES;
				GCC_WARN_64_TO_32_BIT_CONVERSION = YES;
				GCC_WARN_ABOUT_RETURN_TYPE = YES_ERROR;
				GCC_WARN_UNDECLARED_SELECTOR = YES;
				GCC_WARN_UNINITIALIZED_AUTOS = YES_AGGRESSIVE;
				GCC_WARN_UNUSED_FUNCTION = YES;
				GCC_WARN_UNUSED_VARIABLE = YES;
				MACOSX_DEPLOYMENT_TARGET = 13.0;
				MTL_ENABLE_DEBUG_INFO = NO;
				MTL_FAST_MATH = YES;
				SDKROOT = macosx;
				SWIFT_COMPILATION_MODE = wholemodule;
			};
			name = Release;
		};
		2AD000010000000000000001 /* Debug */ = {
			isa = XCBuildConfiguration;
			buildSettings = {
				ASSETCATALOG_COMPILER_APPICON_NAME = AppIcon;
				ASSETCATALOG_COMPILER_GLOBAL_ACCENT_COLOR_NAME = AccentColor;
				CODE_SIGN_ENTITLEMENTS = "";
				CODE_SIGN_STYLE = Automatic;
				COMBINE_HIDPI_IMAGES = YES;
				CURRENT_PROJECT_VERSION = 1;
				DEVELOPMENT_TEAM = "";
				ENABLE_HARDENED_RUNTIME = YES;
				GENERATE_INFOPLIST_FILE = NO;
				INFOPLIST_FILE = ScreenFixer/Info.plist;
				INFOPLIST_KEY_LSApplicationCategoryType = "public.app-category.utilities";
				INFOPLIST_KEY_NSHumanReadableCopyright = "Copyright © 2025. All rights reserved.";
				LD_RUNPATH_SEARCH_PATHS = (
					"$(inherited)",
					"@executable_path/../Frameworks",
				);
				MARKETING_VERSION = 1.0;
				PRODUCT_BUNDLE_IDENTIFIER = com.screenfixer.app;
				PRODUCT_NAME = "$(TARGET_NAME)";
				SWIFT_EMIT_LOC_STRINGS = YES;
				SWIFT_VERSION = 5.0;
			};
			name = Debug;
		};
		2AD000010000000000000002 /* Release */ = {
			isa = XCBuildConfiguration;
			buildSettings = {
				ASSETCATALOG_COMPILER_APPICON_NAME = AppIcon;
				ASSETCATALOG_COMPILER_GLOBAL_ACCENT_COLOR_NAME = AccentColor;
				CODE_SIGN_ENTITLEMENTS = "";
				CODE_SIGN_STYLE = Automatic;
				COMBINE_HIDPI_IMAGES = YES;
				CURRENT_PROJECT_VERSION = 1;
				DEVELOPMENT_TEAM = "";
				ENABLE_HARDENED_RUNTIME = YES;
				GENERATE_INFOPLIST_FILE = NO;
				INFOPLIST_FILE = ScreenFixer/Info.plist;
				INFOPLIST_KEY_LSApplicationCategoryType = "public.app-category.utilities";
				INFOPLIST_KEY_NSHumanReadableCopyright = "Copyright © 2025. All rights reserved.";
				LD_RUNPATH_SEARCH_PATHS = (
					"$(inherited)",
					"@executable_path/../Frameworks",
				);
				MARKETING_VERSION = 1.0;
				PRODUCT_BUNDLE_IDENTIFIER = com.screenfixer.app;
				PRODUCT_NAME = "$(TARGET_NAME)";
				SWIFT_EMIT_LOC_STRINGS = YES;
				SWIFT_VERSION = 5.0;
			};
			name = Release;
		};
/* End XCBuildConfiguration section */

/* Begin XCConfigurationList section */
		2A8000010000000000000001 /* Build configuration list for PBXNativeTarget "ScreenFixer" */ = {
			isa = XCConfigurationList;
			buildConfigurations = (
				2AD000010000000000000001 /* Debug */,
				2AD000010000000000000002 /* Release */,
			);
			defaultConfigurationIsVisible = 0;
			defaultConfigurationName = Release;
		};
		2AB000010000000000000001 /* Build configuration list for PBXProject "ScreenFixer" */ = {
			isa = XCConfigurationList;
			buildConfigurations = (
				2AC000010000000000000001 /* Debug */,
				2AC000010000000000000002 /* Release */,
			);
			defaultConfigurationIsVisible = 0;
			defaultConfigurationName = Release;
		};
/* End XCConfigurationList section */
	};
	rootObject = 2AA000010000000000000001 /* Project object */;
}
